
Microsoft Visual Studio Solution File, Format Version 12.00
# Visual Studio Version 16
VisualStudioVersion = 16.0.29806.167
MinimumVisualStudioVersion = 10.0.40219.1
Project("{FAE04EC0-301F-11D3-BF4B-00C04F79EFBC}") = "NPSBS", "NPSBS\NPSBS.csproj", "{B9A15971-C5A2-47D4-866F-856E6C3A8D4C}"
EndProject
Project("{FAE04EC0-301F-11D3-BF4B-00C04F79EFBC}") = "NPSBS.Core", "NPSBS.Core\NPSBS.Core.csproj", "{D7C84CA3-8B28-4F44-8285-A14089DB1540}"
EndProject
Project("{FAE04EC0-301F-11D3-BF4B-00C04F79EFBC}") = "Montessori.Core", "MontessoriCore\Montessori.Core.csproj", "{B93B6F51-D1DB-41DA-862B-638DAE8C7B7B}"
EndProject
Project("{FAE04EC0-301F-11D3-BF4B-00C04F79EFBC}") = "Montessori", "Montessori\Montessori.csproj", "{CF7DA312-37FE-417D-8B85-71C9D6DC6B7D}"
EndProject
Project("{FAE04EC0-301F-11D3-BF4B-00C04F79EFBC}") = "Utility", "Utility\Utility.csproj", "{A3FC6088-A07C-4D20-8748-91F1503D6D8B}"
EndProject
Project("{FAE04EC0-301F-11D3-BF4B-00C04F79EFBC}") = "Education.Common", "Education.Core\Education.Common.csproj", "{5DDEE97F-92E3-41A5-8D8C-8AC568A93594}"
EndProject
Project("{2150E333-8FDC-42A3-9474-1A3956D46DE8}") = "WPF", "WPF", "{174A75C9-2337-432E-ACEC-BDB9D7CE6B92}"
EndProject
Project("{FAE04EC0-301F-11D3-BF4B-00C04F79EFBC}") = "School.UI", "WPF\School.UI\School.UI.csproj", "{8CF10D04-5DBF-4118-AD67-8623B41DE328}"
EndProject
Global
	GlobalSection(SolutionConfigurationPlatforms) = preSolution
		All|Any CPU = All|Any CPU
		All|x64 = All|x64
		All|x86 = All|x86
		Debug|Any CPU = Debug|Any CPU
		Debug|x64 = Debug|x64
		Debug|x86 = Debug|x86
		Release|Any CPU = Release|Any CPU
		Release|x64 = Release|x64
		Release|x86 = Release|x86
	EndGlobalSection
	GlobalSection(ProjectConfigurationPlatforms) = postSolution
		{B9A15971-C5A2-47D4-866F-856E6C3A8D4C}.All|Any CPU.ActiveCfg = Release|Any CPU
		{B9A15971-C5A2-47D4-866F-856E6C3A8D4C}.All|Any CPU.Build.0 = Release|Any CPU
		{B9A15971-C5A2-47D4-866F-856E6C3A8D4C}.All|x64.ActiveCfg = Debug|x64
		{B9A15971-C5A2-47D4-866F-856E6C3A8D4C}.All|x64.Build.0 = Debug|x64
		{B9A15971-C5A2-47D4-866F-856E6C3A8D4C}.All|x86.ActiveCfg = Release|Any CPU
		{B9A15971-C5A2-47D4-866F-856E6C3A8D4C}.All|x86.Build.0 = Release|Any CPU
		{B9A15971-C5A2-47D4-866F-856E6C3A8D4C}.Debug|Any CPU.ActiveCfg = Debug|Any CPU
		{B9A15971-C5A2-47D4-866F-856E6C3A8D4C}.Debug|Any CPU.Build.0 = Debug|Any CPU
		{B9A15971-C5A2-47D4-866F-856E6C3A8D4C}.Debug|x64.ActiveCfg = Debug|Any CPU
		{B9A15971-C5A2-47D4-866F-856E6C3A8D4C}.Debug|x64.Build.0 = Debug|Any CPU
		{B9A15971-C5A2-47D4-866F-856E6C3A8D4C}.Debug|x86.ActiveCfg = Debug|Any CPU
		{B9A15971-C5A2-47D4-866F-856E6C3A8D4C}.Debug|x86.Build.0 = Debug|Any CPU
		{B9A15971-C5A2-47D4-866F-856E6C3A8D4C}.Release|Any CPU.ActiveCfg = Release|Any CPU
		{B9A15971-C5A2-47D4-866F-856E6C3A8D4C}.Release|Any CPU.Build.0 = Release|Any CPU
		{B9A15971-C5A2-47D4-866F-856E6C3A8D4C}.Release|x64.ActiveCfg = Release|x64
		{B9A15971-C5A2-47D4-866F-856E6C3A8D4C}.Release|x64.Build.0 = Release|x64
		{B9A15971-C5A2-47D4-866F-856E6C3A8D4C}.Release|x86.ActiveCfg = Release|Any CPU
		{B9A15971-C5A2-47D4-866F-856E6C3A8D4C}.Release|x86.Build.0 = Release|Any CPU
		{D7C84CA3-8B28-4F44-8285-A14089DB1540}.All|Any CPU.ActiveCfg = Release|Any CPU
		{D7C84CA3-8B28-4F44-8285-A14089DB1540}.All|Any CPU.Build.0 = Release|Any CPU
		{D7C84CA3-8B28-4F44-8285-A14089DB1540}.All|x64.ActiveCfg = Debug|x64
		{D7C84CA3-8B28-4F44-8285-A14089DB1540}.All|x64.Build.0 = Debug|x64
		{D7C84CA3-8B28-4F44-8285-A14089DB1540}.All|x86.ActiveCfg = Release|Any CPU
		{D7C84CA3-8B28-4F44-8285-A14089DB1540}.All|x86.Build.0 = Release|Any CPU
		{D7C84CA3-8B28-4F44-8285-A14089DB1540}.Debug|Any CPU.ActiveCfg = Debug|Any CPU
		{D7C84CA3-8B28-4F44-8285-A14089DB1540}.Debug|Any CPU.Build.0 = Debug|Any CPU
		{D7C84CA3-8B28-4F44-8285-A14089DB1540}.Debug|x64.ActiveCfg = Debug|Any CPU
		{D7C84CA3-8B28-4F44-8285-A14089DB1540}.Debug|x64.Build.0 = Debug|Any CPU
		{D7C84CA3-8B28-4F44-8285-A14089DB1540}.Debug|x86.ActiveCfg = Debug|Any CPU
		{D7C84CA3-8B28-4F44-8285-A14089DB1540}.Release|Any CPU.ActiveCfg = Release|Any CPU
		{D7C84CA3-8B28-4F44-8285-A14089DB1540}.Release|Any CPU.Build.0 = Release|Any CPU
		{D7C84CA3-8B28-4F44-8285-A14089DB1540}.Release|x64.ActiveCfg = Release|x64
		{D7C84CA3-8B28-4F44-8285-A14089DB1540}.Release|x64.Build.0 = Release|x64
		{D7C84CA3-8B28-4F44-8285-A14089DB1540}.Release|x86.ActiveCfg = Release|Any CPU
		{B93B6F51-D1DB-41DA-862B-638DAE8C7B7B}.All|Any CPU.ActiveCfg = Release|Any CPU
		{B93B6F51-D1DB-41DA-862B-638DAE8C7B7B}.All|Any CPU.Build.0 = Release|Any CPU
		{B93B6F51-D1DB-41DA-862B-638DAE8C7B7B}.All|x64.ActiveCfg = Debug|x64
		{B93B6F51-D1DB-41DA-862B-638DAE8C7B7B}.All|x64.Build.0 = Debug|x64
		{B93B6F51-D1DB-41DA-862B-638DAE8C7B7B}.All|x86.ActiveCfg = Release|Any CPU
		{B93B6F51-D1DB-41DA-862B-638DAE8C7B7B}.All|x86.Build.0 = Release|Any CPU
		{B93B6F51-D1DB-41DA-862B-638DAE8C7B7B}.Debug|Any CPU.ActiveCfg = Debug|Any CPU
		{B93B6F51-D1DB-41DA-862B-638DAE8C7B7B}.Debug|Any CPU.Build.0 = Debug|Any CPU
		{B93B6F51-D1DB-41DA-862B-638DAE8C7B7B}.Debug|x64.ActiveCfg = Debug|Any CPU
		{B93B6F51-D1DB-41DA-862B-638DAE8C7B7B}.Debug|x64.Build.0 = Debug|Any CPU
		{B93B6F51-D1DB-41DA-862B-638DAE8C7B7B}.Debug|x86.ActiveCfg = Debug|Any CPU
		{B93B6F51-D1DB-41DA-862B-638DAE8C7B7B}.Release|Any CPU.ActiveCfg = Release|Any CPU
		{B93B6F51-D1DB-41DA-862B-638DAE8C7B7B}.Release|Any CPU.Build.0 = Release|Any CPU
		{B93B6F51-D1DB-41DA-862B-638DAE8C7B7B}.Release|x64.ActiveCfg = Release|x64
		{B93B6F51-D1DB-41DA-862B-638DAE8C7B7B}.Release|x64.Build.0 = Release|x64
		{B93B6F51-D1DB-41DA-862B-638DAE8C7B7B}.Release|x86.ActiveCfg = Release|Any CPU
		{CF7DA312-37FE-417D-8B85-71C9D6DC6B7D}.All|Any CPU.ActiveCfg = Release|Any CPU
		{CF7DA312-37FE-417D-8B85-71C9D6DC6B7D}.All|Any CPU.Build.0 = Release|Any CPU
		{CF7DA312-37FE-417D-8B85-71C9D6DC6B7D}.All|x64.ActiveCfg = Debug|x64
		{CF7DA312-37FE-417D-8B85-71C9D6DC6B7D}.All|x64.Build.0 = Debug|x64
		{CF7DA312-37FE-417D-8B85-71C9D6DC6B7D}.All|x86.ActiveCfg = Release|Any CPU
		{CF7DA312-37FE-417D-8B85-71C9D6DC6B7D}.All|x86.Build.0 = Release|Any CPU
		{CF7DA312-37FE-417D-8B85-71C9D6DC6B7D}.Debug|Any CPU.ActiveCfg = Debug|Any CPU
		{CF7DA312-37FE-417D-8B85-71C9D6DC6B7D}.Debug|Any CPU.Build.0 = Debug|Any CPU
		{CF7DA312-37FE-417D-8B85-71C9D6DC6B7D}.Debug|x64.ActiveCfg = Debug|Any CPU
		{CF7DA312-37FE-417D-8B85-71C9D6DC6B7D}.Debug|x64.Build.0 = Debug|Any CPU
		{CF7DA312-37FE-417D-8B85-71C9D6DC6B7D}.Debug|x86.ActiveCfg = Debug|Any CPU
		{CF7DA312-37FE-417D-8B85-71C9D6DC6B7D}.Release|Any CPU.ActiveCfg = Release|Any CPU
		{CF7DA312-37FE-417D-8B85-71C9D6DC6B7D}.Release|Any CPU.Build.0 = Release|Any CPU
		{CF7DA312-37FE-417D-8B85-71C9D6DC6B7D}.Release|x64.ActiveCfg = Release|x64
		{CF7DA312-37FE-417D-8B85-71C9D6DC6B7D}.Release|x64.Build.0 = Release|x64
		{CF7DA312-37FE-417D-8B85-71C9D6DC6B7D}.Release|x86.ActiveCfg = Release|Any CPU
		{A3FC6088-A07C-4D20-8748-91F1503D6D8B}.All|Any CPU.ActiveCfg = Release|Any CPU
		{A3FC6088-A07C-4D20-8748-91F1503D6D8B}.All|Any CPU.Build.0 = Release|Any CPU
		{A3FC6088-A07C-4D20-8748-91F1503D6D8B}.All|x64.ActiveCfg = Debug|x64
		{A3FC6088-A07C-4D20-8748-91F1503D6D8B}.All|x64.Build.0 = Debug|x64
		{A3FC6088-A07C-4D20-8748-91F1503D6D8B}.All|x86.ActiveCfg = Release|Any CPU
		{A3FC6088-A07C-4D20-8748-91F1503D6D8B}.All|x86.Build.0 = Release|Any CPU
		{A3FC6088-A07C-4D20-8748-91F1503D6D8B}.Debug|Any CPU.ActiveCfg = Debug|Any CPU
		{A3FC6088-A07C-4D20-8748-91F1503D6D8B}.Debug|Any CPU.Build.0 = Debug|Any CPU
		{A3FC6088-A07C-4D20-8748-91F1503D6D8B}.Debug|x64.ActiveCfg = Debug|Any CPU
		{A3FC6088-A07C-4D20-8748-91F1503D6D8B}.Debug|x64.Build.0 = Debug|Any CPU
		{A3FC6088-A07C-4D20-8748-91F1503D6D8B}.Debug|x86.ActiveCfg = Debug|Any CPU
		{A3FC6088-A07C-4D20-8748-91F1503D6D8B}.Debug|x86.Build.0 = Debug|Any CPU
		{A3FC6088-A07C-4D20-8748-91F1503D6D8B}.Release|Any CPU.ActiveCfg = Release|Any CPU
		{A3FC6088-A07C-4D20-8748-91F1503D6D8B}.Release|Any CPU.Build.0 = Release|Any CPU
		{A3FC6088-A07C-4D20-8748-91F1503D6D8B}.Release|x64.ActiveCfg = Release|x64
		{A3FC6088-A07C-4D20-8748-91F1503D6D8B}.Release|x64.Build.0 = Release|x64
		{A3FC6088-A07C-4D20-8748-91F1503D6D8B}.Release|x86.ActiveCfg = Release|Any CPU
		{A3FC6088-A07C-4D20-8748-91F1503D6D8B}.Release|x86.Build.0 = Release|Any CPU
		{5DDEE97F-92E3-41A5-8D8C-8AC568A93594}.All|Any CPU.ActiveCfg = Release|Any CPU
		{5DDEE97F-92E3-41A5-8D8C-8AC568A93594}.All|Any CPU.Build.0 = Release|Any CPU
		{5DDEE97F-92E3-41A5-8D8C-8AC568A93594}.All|x64.ActiveCfg = Release|Any CPU
		{5DDEE97F-92E3-41A5-8D8C-8AC568A93594}.All|x64.Build.0 = Release|Any CPU
		{5DDEE97F-92E3-41A5-8D8C-8AC568A93594}.All|x86.ActiveCfg = Release|Any CPU
		{5DDEE97F-92E3-41A5-8D8C-8AC568A93594}.All|x86.Build.0 = Release|Any CPU
		{5DDEE97F-92E3-41A5-8D8C-8AC568A93594}.Debug|Any CPU.ActiveCfg = Debug|Any CPU
		{5DDEE97F-92E3-41A5-8D8C-8AC568A93594}.Debug|Any CPU.Build.0 = Debug|Any CPU
		{5DDEE97F-92E3-41A5-8D8C-8AC568A93594}.Debug|x64.ActiveCfg = Debug|Any CPU
		{5DDEE97F-92E3-41A5-8D8C-8AC568A93594}.Debug|x64.Build.0 = Debug|Any CPU
		{5DDEE97F-92E3-41A5-8D8C-8AC568A93594}.Debug|x86.ActiveCfg = Debug|Any CPU
		{5DDEE97F-92E3-41A5-8D8C-8AC568A93594}.Debug|x86.Build.0 = Debug|Any CPU
		{5DDEE97F-92E3-41A5-8D8C-8AC568A93594}.Release|Any CPU.ActiveCfg = Release|Any CPU
		{5DDEE97F-92E3-41A5-8D8C-8AC568A93594}.Release|Any CPU.Build.0 = Release|Any CPU
		{5DDEE97F-92E3-41A5-8D8C-8AC568A93594}.Release|x64.ActiveCfg = Release|Any CPU
		{5DDEE97F-92E3-41A5-8D8C-8AC568A93594}.Release|x64.Build.0 = Release|Any CPU
		{5DDEE97F-92E3-41A5-8D8C-8AC568A93594}.Release|x86.ActiveCfg = Release|Any CPU
		{5DDEE97F-92E3-41A5-8D8C-8AC568A93594}.Release|x86.Build.0 = Release|Any CPU
		{8CF10D04-5DBF-4118-AD67-8623B41DE328}.All|Any CPU.ActiveCfg = Release|Any CPU
		{8CF10D04-5DBF-4118-AD67-8623B41DE328}.All|Any CPU.Build.0 = Release|Any CPU
		{8CF10D04-5DBF-4118-AD67-8623B41DE328}.All|x64.ActiveCfg = Release|Any CPU
		{8CF10D04-5DBF-4118-AD67-8623B41DE328}.All|x64.Build.0 = Release|Any CPU
		{8CF10D04-5DBF-4118-AD67-8623B41DE328}.All|x86.ActiveCfg = Release|Any CPU
		{8CF10D04-5DBF-4118-AD67-8623B41DE328}.All|x86.Build.0 = Release|Any CPU
		{8CF10D04-5DBF-4118-AD67-8623B41DE328}.Debug|Any CPU.ActiveCfg = Debug|Any CPU
		{8CF10D04-5DBF-4118-AD67-8623B41DE328}.Debug|Any CPU.Build.0 = Debug|Any CPU
		{8CF10D04-5DBF-4118-AD67-8623B41DE328}.Debug|x64.ActiveCfg = Debug|Any CPU
		{8CF10D04-5DBF-4118-AD67-8623B41DE328}.Debug|x64.Build.0 = Debug|Any CPU
		{8CF10D04-5DBF-4118-AD67-8623B41DE328}.Debug|x86.ActiveCfg = Debug|Any CPU
		{8CF10D04-5DBF-4118-AD67-8623B41DE328}.Debug|x86.Build.0 = Debug|Any CPU
		{8CF10D04-5DBF-4118-AD67-8623B41DE328}.Release|Any CPU.ActiveCfg = Release|Any CPU
		{8CF10D04-5DBF-4118-AD67-8623B41DE328}.Release|Any CPU.Build.0 = Release|Any CPU
		{8CF10D04-5DBF-4118-AD67-8623B41DE328}.Release|x64.ActiveCfg = Release|Any CPU
		{8CF10D04-5DBF-4118-AD67-8623B41DE328}.Release|x64.Build.0 = Release|Any CPU
		{8CF10D04-5DBF-4118-AD67-8623B41DE328}.Release|x86.ActiveCfg = Release|Any CPU
		{8CF10D04-5DBF-4118-AD67-8623B41DE328}.Release|x86.Build.0 = Release|Any CPU
	EndGlobalSection
	GlobalSection(SolutionProperties) = preSolution
		HideSolutionNode = FALSE
	EndGlobalSection
	GlobalSection(NestedProjects) = preSolution
		{8CF10D04-5DBF-4118-AD67-8623B41DE328} = {174A75C9-2337-432E-ACEC-BDB9D7CE6B92}
	EndGlobalSection
	GlobalSection(ExtensibilityGlobals) = postSolution
		SolutionGuid = {A878152F-224D-45D0-A8FD-BF22CD491C4E}
	EndGlobalSection
EndGlobal
